// !$*UTF8*$!
{
	archiveVersion = 1;
	classes = {
	};
	objectVersion = 46;
	objects = {

/* Begin PBXBuildFile section */
		8ABE4341A14C69D79BDFD4A4 /* libPods-WeekdayPicker.a in Frameworks */ = {isa = PBXBuildFile; fileRef = 8B981371255D497CEB3C56FC /* libPods-WeekdayPicker.a */; };
		E609C16B23741F2700995572 /* BoSWeekdayDatePickerSelectedItems.m in Sources */ = {isa = PBXBuildFile; fileRef = E609C13F23741F2700995572 /* BoSWeekdayDatePickerSelectedItems.m */; };
		E609C16C23741F2700995572 /* NSDate+BoSConversion.m in Sources */ = {isa = PBXBuildFile; fileRef = E609C14323741F2700995572 /* NSDate+BoSConversion.m */; };
		E609C16D23741F2700995572 /* BoSWeekdayDatePickerCalendar.m in Sources */ = {isa = PBXBuildFile; fileRef = E609C14623741F2700995572 /* BoSWeekdayDatePickerCalendar.m */; };
		E609C16E23741F2700995572 /* BoSWeekdayDatePickerComponentsOrderManager.m in Sources */ = {isa = PBXBuildFile; fileRef = E609C14923741F2700995572 /* BoSWeekdayDatePickerComponentsOrderManager.m */; };
		E609C16F23741F2700995572 /* BoSDeviceLocaleHandler.m in Sources */ = {isa = PBXBuildFile; fileRef = E609C14B23741F2700995572 /* BoSDeviceLocaleHandler.m */; };
		E609C17023741F2700995572 /* NSDate+BoSSwap.m in Sources */ = {isa = PBXBuildFile; fileRef = E609C14D23741F2700995572 /* NSDate+BoSSwap.m */; };
		E609C17123741F2700995572 /* BoSDataFormatStringFilter.m in Sources */ = {isa = PBXBuildFile; fileRef = E609C14F23741F2700995572 /* BoSDataFormatStringFilter.m */; };
		E609C17223741F2700995572 /* BoSWeekdayDatePickerAppearance.m in Sources */ = {isa = PBXBuildFile; fileRef = E609C15323741F2700995572 /* BoSWeekdayDatePickerAppearance.m */; };
		E609C17323741F2700995572 /* BoSWeekdayDatePickerDelegateDataSource.m in Sources */ = {isa = PBXBuildFile; fileRef = E609C15623741F2700995572 /* BoSWeekdayDatePickerDelegateDataSource.m */; };
		E609C17423741F2700995572 /* BoSDatePickerInitialValueSetup.m in Sources */ = {isa = PBXBuildFile; fileRef = E609C15823741F2700995572 /* BoSDatePickerInitialValueSetup.m */; };
		E609C17523741F2700995572 /* UIView+BoSNibLoading.m in Sources */ = {isa = PBXBuildFile; fileRef = E609C15B23741F2700995572 /* UIView+BoSNibLoading.m */; };
		E609C17623741F2700995572 /* NSDateComponents+BoSComponentValue.m in Sources */ = {isa = PBXBuildFile; fileRef = E609C15E23741F2700995572 /* NSDateComponents+BoSComponentValue.m */; };
		E609C17723741F2700995572 /* BoSDateUnitsUtility.m in Sources */ = {isa = PBXBuildFile; fileRef = E609C15F23741F2700995572 /* BoSDateUnitsUtility.m */; };
		E609C17823741F2700995572 /* BoSArrayOfComponentsFactory.m in Sources */ = {isa = PBXBuildFile; fileRef = E609C16023741F2700995572 /* BoSArrayOfComponentsFactory.m */; };
		E609C17923741F2700995572 /* BoSWeekdayDatePickerDataGenerator.m in Sources */ = {isa = PBXBuildFile; fileRef = E609C16623741F2700995572 /* BoSWeekdayDatePickerDataGenerator.m */; };
		E609C17A23741F2700995572 /* BoSDateLimit.m in Sources */ = {isa = PBXBuildFile; fileRef = E609C16723741F2700995572 /* BoSDateLimit.m */; };
		E609C17B23741F2700995572 /* BoSWeekdayDatePickerView.m in Sources */ = {isa = PBXBuildFile; fileRef = E609C16923741F2700995572 /* BoSWeekdayDatePickerView.m */; };
		E68B4B8A236C91C600A4D57F /* RNWeekdayPickerManager.m in Sources */ = {isa = PBXBuildFile; fileRef = E68B4B89236C91C600A4D57F /* RNWeekdayPickerManager.m */; };
		E6E94886236F274100DE8A99 /* RNWeekdayPicker.m in Sources */ = {isa = PBXBuildFile; fileRef = E6E94884236F274100DE8A99 /* RNWeekdayPicker.m */; };
/* End PBXBuildFile section */

/* Begin PBXCopyFilesBuildPhase section */
		58B511D91A9E6C8500147676 /* CopyFiles */ = {
			isa = PBXCopyFilesBuildPhase;
			buildActionMask = 2147483647;
			dstPath = "include/$(PRODUCT_NAME)";
			dstSubfolderSpec = 16;
			files = (
			);
			runOnlyForDeploymentPostprocessing = 0;
		};
/* End PBXCopyFilesBuildPhase section */

/* Begin PBXFileReference section */
		134814201AA4EA6300B7C361 /* libWeekdayPicker.a */ = {isa = PBXFileReference; explicitFileType = archive.ar; includeInIndex = 0; path = libWeekdayPicker.a; sourceTree = BUILT_PRODUCTS_DIR; };
		8B981371255D497CEB3C56FC /* libPods-WeekdayPicker.a */ = {isa = PBXFileReference; explicitFileType = archive.ar; includeInIndex = 0; path = "libPods-WeekdayPicker.a"; sourceTree = BUILT_PRODUCTS_DIR; };
		E609C13E23741F2700995572 /* BoSWeekdayDatePickerView.h */ = {isa = PBXFileReference; fileEncoding = 4; lastKnownFileType = sourcecode.c.h; path = BoSWeekdayDatePickerView.h; sourceTree = "<group>"; };
		E609C13F23741F2700995572 /* BoSWeekdayDatePickerSelectedItems.m */ = {isa = PBXFileReference; fileEncoding = 4; lastKnownFileType = sourcecode.c.objc; path = BoSWeekdayDatePickerSelectedItems.m; sourceTree = "<group>"; };
		E609C14023741F2700995572 /* BoSWeekdayDatePicker.h */ = {isa = PBXFileReference; fileEncoding = 4; lastKnownFileType = sourcecode.c.h; path = BoSWeekdayDatePicker.h; sourceTree = "<group>"; };
		E609C14323741F2700995572 /* NSDate+BoSConversion.m */ = {isa = PBXFileReference; fileEncoding = 4; lastKnownFileType = sourcecode.c.objc; path = "NSDate+BoSConversion.m"; sourceTree = "<group>"; };
		E609C14423741F2700995572 /* NSDate+BoSConversion.h */ = {isa = PBXFileReference; fileEncoding = 4; lastKnownFileType = sourcecode.c.h; path = "NSDate+BoSConversion.h"; sourceTree = "<group>"; };
		E609C14623741F2700995572 /* BoSWeekdayDatePickerCalendar.m */ = {isa = PBXFileReference; fileEncoding = 4; lastKnownFileType = sourcecode.c.objc; path = BoSWeekdayDatePickerCalendar.m; sourceTree = "<group>"; };
		E609C14723741F2700995572 /* BoSWeekdayDatePickerCalendar.h */ = {isa = PBXFileReference; fileEncoding = 4; lastKnownFileType = sourcecode.c.h; path = BoSWeekdayDatePickerCalendar.h; sourceTree = "<group>"; };
		E609C14923741F2700995572 /* BoSWeekdayDatePickerComponentsOrderManager.m */ = {isa = PBXFileReference; fileEncoding = 4; lastKnownFileType = sourcecode.c.objc; path = BoSWeekdayDatePickerComponentsOrderManager.m; sourceTree = "<group>"; };
		E609C14A23741F2700995572 /* NSDate+BoSSwap.h */ = {isa = PBXFileReference; fileEncoding = 4; lastKnownFileType = sourcecode.c.h; path = "NSDate+BoSSwap.h"; sourceTree = "<group>"; };
		E609C14B23741F2700995572 /* BoSDeviceLocaleHandler.m */ = {isa = PBXFileReference; fileEncoding = 4; lastKnownFileType = sourcecode.c.objc; path = BoSDeviceLocaleHandler.m; sourceTree = "<group>"; };
		E609C14C23741F2700995572 /* BoSDataFormatStringFilter.h */ = {isa = PBXFileReference; fileEncoding = 4; lastKnownFileType = sourcecode.c.h; path = BoSDataFormatStringFilter.h; sourceTree = "<group>"; };
		E609C14D23741F2700995572 /* NSDate+BoSSwap.m */ = {isa = PBXFileReference; fileEncoding = 4; lastKnownFileType = sourcecode.c.objc; path = "NSDate+BoSSwap.m"; sourceTree = "<group>"; };
		E609C14E23741F2700995572 /* BoSWeekdayDatePickerComponentsOrderManager.h */ = {isa = PBXFileReference; fileEncoding = 4; lastKnownFileType = sourcecode.c.h; path = BoSWeekdayDatePickerComponentsOrderManager.h; sourceTree = "<group>"; };
		E609C14F23741F2700995572 /* BoSDataFormatStringFilter.m */ = {isa = PBXFileReference; fileEncoding = 4; lastKnownFileType = sourcecode.c.objc; path = BoSDataFormatStringFilter.m; sourceTree = "<group>"; };
		E609C15023741F2700995572 /* BoSDeviceLocaleHandler.h */ = {isa = PBXFileReference; fileEncoding = 4; lastKnownFileType = sourcecode.c.h; path = BoSDeviceLocaleHandler.h; sourceTree = "<group>"; };
		E609C15223741F2700995572 /* BoSWeekdayDatePickerAppearance.h */ = {isa = PBXFileReference; fileEncoding = 4; lastKnownFileType = sourcecode.c.h; path = BoSWeekdayDatePickerAppearance.h; sourceTree = "<group>"; };
		E609C15323741F2700995572 /* BoSWeekdayDatePickerAppearance.m */ = {isa = PBXFileReference; fileEncoding = 4; lastKnownFileType = sourcecode.c.objc; path = BoSWeekdayDatePickerAppearance.m; sourceTree = "<group>"; };
		E609C15523741F2700995572 /* BoSWeekdayDatePickerDelegateDataSource.h */ = {isa = PBXFileReference; fileEncoding = 4; lastKnownFileType = sourcecode.c.h; path = BoSWeekdayDatePickerDelegateDataSource.h; sourceTree = "<group>"; };
		E609C15623741F2700995572 /* BoSWeekdayDatePickerDelegateDataSource.m */ = {isa = PBXFileReference; fileEncoding = 4; lastKnownFileType = sourcecode.c.objc; path = BoSWeekdayDatePickerDelegateDataSource.m; sourceTree = "<group>"; };
		E609C15823741F2700995572 /* BoSDatePickerInitialValueSetup.m */ = {isa = PBXFileReference; fileEncoding = 4; lastKnownFileType = sourcecode.c.objc; path = BoSDatePickerInitialValueSetup.m; sourceTree = "<group>"; };
		E609C15923741F2700995572 /* BoSDatePickerInitialValueSetup.h */ = {isa = PBXFileReference; fileEncoding = 4; lastKnownFileType = sourcecode.c.h; path = BoSDatePickerInitialValueSetup.h; sourceTree = "<group>"; };
		E609C15B23741F2700995572 /* UIView+BoSNibLoading.m */ = {isa = PBXFileReference; fileEncoding = 4; lastKnownFileType = sourcecode.c.objc; path = "UIView+BoSNibLoading.m"; sourceTree = "<group>"; };
		E609C15C23741F2700995572 /* UIView+BoSNibLoading.h */ = {isa = PBXFileReference; fileEncoding = 4; lastKnownFileType = sourcecode.c.h; path = "UIView+BoSNibLoading.h"; sourceTree = "<group>"; };
		E609C15E23741F2700995572 /* NSDateComponents+BoSComponentValue.m */ = {isa = PBXFileReference; fileEncoding = 4; lastKnownFileType = sourcecode.c.objc; path = "NSDateComponents+BoSComponentValue.m"; sourceTree = "<group>"; };
		E609C15F23741F2700995572 /* BoSDateUnitsUtility.m */ = {isa = PBXFileReference; fileEncoding = 4; lastKnownFileType = sourcecode.c.objc; path = BoSDateUnitsUtility.m; sourceTree = "<group>"; };
		E609C16023741F2700995572 /* BoSArrayOfComponentsFactory.m */ = {isa = PBXFileReference; fileEncoding = 4; lastKnownFileType = sourcecode.c.objc; path = BoSArrayOfComponentsFactory.m; sourceTree = "<group>"; };
		E609C16123741F2700995572 /* BoSDateLimit.h */ = {isa = PBXFileReference; fileEncoding = 4; lastKnownFileType = sourcecode.c.h; path = BoSDateLimit.h; sourceTree = "<group>"; };
		E609C16223741F2700995572 /* BoSWeekdayDatePickerDataGenerator.h */ = {isa = PBXFileReference; fileEncoding = 4; lastKnownFileType = sourcecode.c.h; path = BoSWeekdayDatePickerDataGenerator.h; sourceTree = "<group>"; };
		E609C16323741F2700995572 /* Configuration.h */ = {isa = PBXFileReference; fileEncoding = 4; lastKnownFileType = sourcecode.c.h; path = Configuration.h; sourceTree = "<group>"; };
		E609C16423741F2700995572 /* NSDateComponents+BoSComponentValue.h */ = {isa = PBXFileReference; fileEncoding = 4; lastKnownFileType = sourcecode.c.h; path = "NSDateComponents+BoSComponentValue.h"; sourceTree = "<group>"; };
		E609C16523741F2700995572 /* BoSDateUnitsUtility.h */ = {isa = PBXFileReference; fileEncoding = 4; lastKnownFileType = sourcecode.c.h; path = BoSDateUnitsUtility.h; sourceTree = "<group>"; };
		E609C16623741F2700995572 /* BoSWeekdayDatePickerDataGenerator.m */ = {isa = PBXFileReference; fileEncoding = 4; lastKnownFileType = sourcecode.c.objc; path = BoSWeekdayDatePickerDataGenerator.m; sourceTree = "<group>"; };
		E609C16723741F2700995572 /* BoSDateLimit.m */ = {isa = PBXFileReference; fileEncoding = 4; lastKnownFileType = sourcecode.c.objc; path = BoSDateLimit.m; sourceTree = "<group>"; };
		E609C16823741F2700995572 /* BoSArrayOfComponentsFactory.h */ = {isa = PBXFileReference; fileEncoding = 4; lastKnownFileType = sourcecode.c.h; path = BoSArrayOfComponentsFactory.h; sourceTree = "<group>"; };
		E609C16923741F2700995572 /* BoSWeekdayDatePickerView.m */ = {isa = PBXFileReference; fileEncoding = 4; lastKnownFileType = sourcecode.c.objc; path = BoSWeekdayDatePickerView.m; sourceTree = "<group>"; };
		E609C16A23741F2700995572 /* BoSWeekdayDatePickerSelectedItems.h */ = {isa = PBXFileReference; fileEncoding = 4; lastKnownFileType = sourcecode.c.h; path = BoSWeekdayDatePickerSelectedItems.h; sourceTree = "<group>"; };
		E68B4B88236C91C600A4D57F /* RNWeekdayPickerManager.h */ = {isa = PBXFileReference; fileEncoding = 4; lastKnownFileType = sourcecode.c.h; path = RNWeekdayPickerManager.h; sourceTree = "<group>"; };
		E68B4B89236C91C600A4D57F /* RNWeekdayPickerManager.m */ = {isa = PBXFileReference; fileEncoding = 4; lastKnownFileType = sourcecode.c.objc; path = RNWeekdayPickerManager.m; sourceTree = "<group>"; };
		E6E94884236F274100DE8A99 /* RNWeekdayPicker.m */ = {isa = PBXFileReference; fileEncoding = 4; lastKnownFileType = sourcecode.c.objc; path = RNWeekdayPicker.m; sourceTree = "<group>"; };
		E6E94885236F274100DE8A99 /* RNWeekdayPicker.h */ = {isa = PBXFileReference; fileEncoding = 4; lastKnownFileType = sourcecode.c.h; path = RNWeekdayPicker.h; sourceTree = "<group>"; };
/* End PBXFileReference section */

/* Begin PBXFrameworksBuildPhase section */
		58B511D81A9E6C8500147676 /* Frameworks */ = {
			isa = PBXFrameworksBuildPhase;
			buildActionMask = 2147483647;
			files = (
				8ABE4341A14C69D79BDFD4A4 /* libPods-WeekdayPicker.a in Frameworks */,
			);
			runOnlyForDeploymentPostprocessing = 0;
		};
/* End PBXFrameworksBuildPhase section */

/* Begin PBXGroup section */
		134814211AA4EA7D00B7C361 /* Products */ = {
			isa = PBXGroup;
			children = (
				134814201AA4EA6300B7C361 /* libWeekdayPicker.a */,
			);
			name = Products;
			sourceTree = "<group>";
		};
		58B511D21A9E6C8500147676 = {
			isa = PBXGroup;
			children = (
				E609C13D23741F2700995572 /* WeekdayDatePicker */,
				E6E94885236F274100DE8A99 /* RNWeekdayPicker.h */,
				E6E94884236F274100DE8A99 /* RNWeekdayPicker.m */,
				E68B4B88236C91C600A4D57F /* RNWeekdayPickerManager.h */,
				E68B4B89236C91C600A4D57F /* RNWeekdayPickerManager.m */,
				134814211AA4EA7D00B7C361 /* Products */,
				DB0EB717998170F6DC465BAF /* Frameworks */,
			);
			sourceTree = "<group>";
		};
		DB0EB717998170F6DC465BAF /* Frameworks */ = {
			isa = PBXGroup;
			children = (
				8B981371255D497CEB3C56FC /* libPods-WeekdayPicker.a */,
			);
			name = Frameworks;
			sourceTree = "<group>";
		};
		E609C13D23741F2700995572 /* WeekdayDatePicker */ = {
			isa = PBXGroup;
			children = (
				E609C13E23741F2700995572 /* BoSWeekdayDatePickerView.h */,
				E609C13F23741F2700995572 /* BoSWeekdayDatePickerSelectedItems.m */,
				E609C14023741F2700995572 /* BoSWeekdayDatePicker.h */,
				E609C14123741F2700995572 /* SupportClasses */,
				E609C16923741F2700995572 /* BoSWeekdayDatePickerView.m */,
				E609C16A23741F2700995572 /* BoSWeekdayDatePickerSelectedItems.h */,
			);
			path = WeekdayDatePicker;
			sourceTree = "<group>";
		};
		E609C14123741F2700995572 /* SupportClasses */ = {
			isa = PBXGroup;
			children = (
				E609C14223741F2700995572 /* DateConversion */,
				E609C14523741F2700995572 /* Calendar */,
				E609C14823741F2700995572 /* ComponentsOrder */,
				E609C15123741F2700995572 /* Appearance */,
				E609C15423741F2700995572 /* DelegateDataSource */,
				E609C15723741F2700995572 /* InitialSetup */,
				E609C15A23741F2700995572 /* NibLoading */,
				E609C15D23741F2700995572 /* DataGeneration */,
			);
			path = SupportClasses;
			sourceTree = "<group>";
		};
		E609C14223741F2700995572 /* DateConversion */ = {
			isa = PBXGroup;
			children = (
				E609C14323741F2700995572 /* NSDate+BoSConversion.m */,
				E609C14423741F2700995572 /* NSDate+BoSConversion.h */,
			);
			path = DateConversion;
			sourceTree = "<group>";
		};
		E609C14523741F2700995572 /* Calendar */ = {
			isa = PBXGroup;
			children = (
				E609C14623741F2700995572 /* BoSWeekdayDatePickerCalendar.m */,
				E609C14723741F2700995572 /* BoSWeekdayDatePickerCalendar.h */,
			);
			path = Calendar;
			sourceTree = "<group>";
		};
		E609C14823741F2700995572 /* ComponentsOrder */ = {
			isa = PBXGroup;
			children = (
				E609C14923741F2700995572 /* BoSWeekdayDatePickerComponentsOrderManager.m */,
				E609C14A23741F2700995572 /* NSDate+BoSSwap.h */,
				E609C14B23741F2700995572 /* BoSDeviceLocaleHandler.m */,
				E609C14C23741F2700995572 /* BoSDataFormatStringFilter.h */,
				E609C14D23741F2700995572 /* NSDate+BoSSwap.m */,
				E609C14E23741F2700995572 /* BoSWeekdayDatePickerComponentsOrderManager.h */,
				E609C14F23741F2700995572 /* BoSDataFormatStringFilter.m */,
				E609C15023741F2700995572 /* BoSDeviceLocaleHandler.h */,
			);
			path = ComponentsOrder;
			sourceTree = "<group>";
		};
		E609C15123741F2700995572 /* Appearance */ = {
			isa = PBXGroup;
			children = (
				E609C15223741F2700995572 /* BoSWeekdayDatePickerAppearance.h */,
				E609C15323741F2700995572 /* BoSWeekdayDatePickerAppearance.m */,
			);
			path = Appearance;
			sourceTree = "<group>";
		};
		E609C15423741F2700995572 /* DelegateDataSource */ = {
			isa = PBXGroup;
			children = (
				E609C15523741F2700995572 /* BoSWeekdayDatePickerDelegateDataSource.h */,
				E609C15623741F2700995572 /* BoSWeekdayDatePickerDelegateDataSource.m */,
			);
			path = DelegateDataSource;
			sourceTree = "<group>";
		};
		E609C15723741F2700995572 /* InitialSetup */ = {
			isa = PBXGroup;
			children = (
				E609C15823741F2700995572 /* BoSDatePickerInitialValueSetup.m */,
				E609C15923741F2700995572 /* BoSDatePickerInitialValueSetup.h */,
			);
			path = InitialSetup;
			sourceTree = "<group>";
		};
		E609C15A23741F2700995572 /* NibLoading */ = {
			isa = PBXGroup;
			children = (
				E609C15B23741F2700995572 /* UIView+BoSNibLoading.m */,
				E609C15C23741F2700995572 /* UIView+BoSNibLoading.h */,
			);
			path = NibLoading;
			sourceTree = "<group>";
		};
		E609C15D23741F2700995572 /* DataGeneration */ = {
			isa = PBXGroup;
			children = (
				E609C15E23741F2700995572 /* NSDateComponents+BoSComponentValue.m */,
				E609C15F23741F2700995572 /* BoSDateUnitsUtility.m */,
				E609C16023741F2700995572 /* BoSArrayOfComponentsFactory.m */,
				E609C16123741F2700995572 /* BoSDateLimit.h */,
				E609C16223741F2700995572 /* BoSWeekdayDatePickerDataGenerator.h */,
				E609C16323741F2700995572 /* Configuration.h */,
				E609C16423741F2700995572 /* NSDateComponents+BoSComponentValue.h */,
				E609C16523741F2700995572 /* BoSDateUnitsUtility.h */,
				E609C16623741F2700995572 /* BoSWeekdayDatePickerDataGenerator.m */,
				E609C16723741F2700995572 /* BoSDateLimit.m */,
				E609C16823741F2700995572 /* BoSArrayOfComponentsFactory.h */,
			);
			path = DataGeneration;
			sourceTree = "<group>";
		};
/* End PBXGroup section */

/* Begin PBXNativeTarget section */
		58B511DA1A9E6C8500147676 /* WeekdayPicker */ = {
			isa = PBXNativeTarget;
			buildConfigurationList = 58B511EF1A9E6C8500147676 /* Build configuration list for PBXNativeTarget "WeekdayPicker" */;
			buildPhases = (
				58B511D71A9E6C8500147676 /* Sources */,
				58B511D81A9E6C8500147676 /* Frameworks */,
				58B511D91A9E6C8500147676 /* CopyFiles */,
			);
			buildRules = (
			);
			dependencies = (
			);
			name = WeekdayPicker;
			productName = RCTDataManager;
			productReference = 134814201AA4EA6300B7C361 /* libWeekdayPicker.a */;
			productType = "com.apple.product-type.library.static";
		};
/* End PBXNativeTarget section */

/* Begin PBXProject section */
		58B511D31A9E6C8500147676 /* Project object */ = {
			isa = PBXProject;
			attributes = {
				LastUpgradeCheck = 0920;
				ORGANIZATIONNAME = Facebook;
				TargetAttributes = {
					58B511DA1A9E6C8500147676 = {
						CreatedOnToolsVersion = 6.1.1;
					};
				};
			};
			buildConfigurationList = 58B511D61A9E6C8500147676 /* Build configuration list for PBXProject "WeekdayPicker" */;
			compatibilityVersion = "Xcode 3.2";
			developmentRegion = English;
			hasScannedForEncodings = 0;
			knownRegions = (
				English,
				en,
			);
			mainGroup = 58B511D21A9E6C8500147676;
			productRefGroup = 58B511D21A9E6C8500147676;
			projectDirPath = "";
			projectRoot = "";
			targets = (
				58B511DA1A9E6C8500147676 /* WeekdayPicker */,
			);
		};
/* End PBXProject section */

/* Begin PBXSourcesBuildPhase section */
		58B511D71A9E6C8500147676 /* Sources */ = {
			isa = PBXSourcesBuildPhase;
			buildActionMask = 2147483647;
			files = (
				E609C17223741F2700995572 /* BoSWeekdayDatePickerAppearance.m in Sources */,
				E6E94886236F274100DE8A99 /* RNWeekdayPicker.m in Sources */,
				E609C16D23741F2700995572 /* BoSWeekdayDatePickerCalendar.m in Sources */,
				E609C16C23741F2700995572 /* NSDate+BoSConversion.m in Sources */,
				E609C16B23741F2700995572 /* BoSWeekdayDatePickerSelectedItems.m in Sources */,
				E609C17623741F2700995572 /* NSDateComponents+BoSComponentValue.m in Sources */,
				E609C17023741F2700995572 /* NSDate+BoSSwap.m in Sources */,
				E609C17123741F2700995572 /* BoSDataFormatStringFilter.m in Sources */,
				E609C17B23741F2700995572 /* BoSWeekdayDatePickerView.m in Sources */,
				E609C17523741F2700995572 /* UIView+BoSNibLoading.m in Sources */,
				E609C16E23741F2700995572 /* BoSWeekdayDatePickerComponentsOrderManager.m in Sources */,
				E68B4B8A236C91C600A4D57F /* RNWeekdayPickerManager.m in Sources */,
				E609C17323741F2700995572 /* BoSWeekdayDatePickerDelegateDataSource.m in Sources */,
				E609C17423741F2700995572 /* BoSDatePickerInitialValueSetup.m in Sources */,
				E609C17723741F2700995572 /* BoSDateUnitsUtility.m in Sources */,
				E609C17A23741F2700995572 /* BoSDateLimit.m in Sources */,
				E609C17823741F2700995572 /* BoSArrayOfComponentsFactory.m in Sources */,
				E609C16F23741F2700995572 /* BoSDeviceLocaleHandler.m in Sources */,
				E609C17923741F2700995572 /* BoSWeekdayDatePickerDataGenerator.m in Sources */,
			);
			runOnlyForDeploymentPostprocessing = 0;
		};
/* End PBXSourcesBuildPhase section */

/* Begin XCBuildConfiguration section */
		58B511ED1A9E6C8500147676 /* Debug */ = {
			isa = XCBuildConfiguration;
			buildSettings = {
				ALWAYS_SEARCH_USER_PATHS = NO;
				CLANG_CXX_LANGUAGE_STANDARD = "gnu++0x";
				CLANG_CXX_LIBRARY = "libc++";
				CLANG_ENABLE_MODULES = YES;
				CLANG_ENABLE_OBJC_ARC = YES;
				CLANG_WARN_BLOCK_CAPTURE_AUTORELEASING = YES;
				CLANG_WARN_BOOL_CONVERSION = YES;
				CLANG_WARN_COMMA = YES;
				CLANG_WARN_CONSTANT_CONVERSION = YES;
				CLANG_WARN_DIRECT_OBJC_ISA_USAGE = YES_ERROR;
				CLANG_WARN_EMPTY_BODY = YES;
				CLANG_WARN_ENUM_CONVERSION = YES;
				CLANG_WARN_INFINITE_RECURSION = YES;
				CLANG_WARN_INT_CONVERSION = YES;
				CLANG_WARN_NON_LITERAL_NULL_CONVERSION = YES;
				CLANG_WARN_OBJC_LITERAL_CONVERSION = YES;
				CLANG_WARN_OBJC_ROOT_CLASS = YES_ERROR;
				CLANG_WARN_RANGE_LOOP_ANALYSIS = YES;
				CLANG_WARN_STRICT_PROTOTYPES = YES;
				CLANG_WARN_SUSPICIOUS_MOVE = YES;
				CLANG_WARN_UNREACHABLE_CODE = YES;
				CLANG_WARN__DUPLICATE_METHOD_MATCH = YES;
				COPY_PHASE_STRIP = NO;
				ENABLE_STRICT_OBJC_MSGSEND = YES;
				ENABLE_TESTABILITY = YES;
				GCC_C_LANGUAGE_STANDARD = gnu99;
				GCC_DYNAMIC_NO_PIC = NO;
				GCC_NO_COMMON_BLOCKS = YES;
				GCC_OPTIMIZATION_LEVEL = 0;
				GCC_PREPROCESSOR_DEFINITIONS = (
					"DEBUG=1",
					"$(inherited)",
				);
				GCC_SYMBOLS_PRIVATE_EXTERN = NO;
				GCC_WARN_64_TO_32_BIT_CONVERSION = YES;
				GCC_WARN_ABOUT_RETURN_TYPE = YES_ERROR;
				GCC_WARN_UNDECLARED_SELECTOR = YES;
				GCC_WARN_UNINITIALIZED_AUTOS = YES_AGGRESSIVE;
				GCC_WARN_UNUSED_FUNCTION = YES;
				GCC_WARN_UNUSED_VARIABLE = YES;
				IPHONEOS_DEPLOYMENT_TARGET = 8.0;
				MTL_ENABLE_DEBUG_INFO = YES;
				ONLY_ACTIVE_ARCH = YES;
				SDKROOT = iphoneos;
			};
			name = Debug;
		};
		58B511EE1A9E6C8500147676 /* Release */ = {
			isa = XCBuildConfiguration;
			buildSettings = {
				ALWAYS_SEARCH_USER_PATHS = NO;
				CLANG_CXX_LANGUAGE_STANDARD = "gnu++0x";
				CLANG_CXX_LIBRARY = "libc++";
				CLANG_ENABLE_MODULES = YES;
				CLANG_ENABLE_OBJC_ARC = YES;
				CLANG_WARN_BLOCK_CAPTURE_AUTORELEASING = YES;
				CLANG_WARN_BOOL_CONVERSION = YES;
				CLANG_WARN_COMMA = YES;
				CLANG_WARN_CONSTANT_CONVERSION = YES;
				CLANG_WARN_DIRECT_OBJC_ISA_USAGE = YES_ERROR;
				CLANG_WARN_EMPTY_BODY = YES;
				CLANG_WARN_ENUM_CONVERSION = YES;
				CLANG_WARN_INFINITE_RECURSION = YES;
				CLANG_WARN_INT_CONVERSION = YES;
				CLANG_WARN_NON_LITERAL_NULL_CONVERSION = YES;
				CLANG_WARN_OBJC_LITERAL_CONVERSION = YES;
				CLANG_WARN_OBJC_ROOT_CLASS = YES_ERROR;
				CLANG_WARN_RANGE_LOOP_ANALYSIS = YES;
				CLANG_WARN_STRICT_PROTOTYPES = YES;
				CLANG_WARN_SUSPICIOUS_MOVE = YES;
				CLANG_WARN_UNREACHABLE_CODE = YES;
				CLANG_WARN__DUPLICATE_METHOD_MATCH = YES;
				COPY_PHASE_STRIP = YES;
				ENABLE_NS_ASSERTIONS = NO;
				ENABLE_STRICT_OBJC_MSGSEND = YES;
				GCC_C_LANGUAGE_STANDARD = gnu99;
				GCC_NO_COMMON_BLOCKS = YES;
				GCC_WARN_64_TO_32_BIT_CONVERSION = YES;
				GCC_WARN_ABOUT_RETURN_TYPE = YES_ERROR;
				GCC_WARN_UNDECLARED_SELECTOR = YES;
				GCC_WARN_UNINITIALIZED_AUTOS = YES_AGGRESSIVE;
				GCC_WARN_UNUSED_FUNCTION = YES;
				GCC_WARN_UNUSED_VARIABLE = YES;
				IPHONEOS_DEPLOYMENT_TARGET = 8.0;
				MTL_ENABLE_DEBUG_INFO = NO;
				SDKROOT = iphoneos;
				VALIDATE_PRODUCT = YES;
			};
			name = Release;
		};
		58B511F01A9E6C8500147676 /* Debug */ = {
			isa = XCBuildConfiguration;
			buildSettings = {
				HEADER_SEARCH_PATHS = (
					"$(inherited)",
					/Applications/Xcode.app/Contents/Developer/Toolchains/XcodeDefault.xctoolchain/usr/include,
					"$(SRCROOT)/../../../React/**",
					"$(SRCROOT)/../../react-native/React/**",
				);
				LIBRARY_SEARCH_PATHS = "$(inherited)";
				OTHER_LDFLAGS = "-ObjC";
				PRODUCT_NAME = WeekdayPicker;
				SKIP_INSTALL = YES;
			};
			name = Debug;
		};
		58B511F11A9E6C8500147676 /* Release */ = {
			isa = XCBuildConfiguration;
			buildSettings = {
				HEADER_SEARCH_PATHS = (
					"$(inherited)",
					/Applications/Xcode.app/Contents/Developer/Toolchains/XcodeDefault.xctoolchain/usr/include,
					"$(SRCROOT)/../../../React/**",
					"$(SRCROOT)/../../react-native/React/**",
				);
				LIBRARY_SEARCH_PATHS = "$(inherited)";
				OTHER_LDFLAGS = "-ObjC";
				PRODUCT_NAME = WeekdayPicker;
				SKIP_INSTALL = YES;
			};
			name = Release;
		};
/* End XCBuildConfiguration section */

/* Begin XCConfigurationList section */
		58B511D61A9E6C8500147676 /* Build configuration list for PBXProject "WeekdayPicker" */ = {
			isa = XCConfigurationList;
			buildConfigurations = (
				58B511ED1A9E6C8500147676 /* Debug */,
				58B511EE1A9E6C8500147676 /* Release */,
			);
			defaultConfigurationIsVisible = 0;
			defaultConfigurationName = Release;
		};
		58B511EF1A9E6C8500147676 /* Build configuration list for PBXNativeTarget "WeekdayPicker" */ = {
			isa = XCConfigurationList;
			buildConfigurations = (
				58B511F01A9E6C8500147676 /* Debug */,
				58B511F11A9E6C8500147676 /* Release */,
			);
			defaultConfigurationIsVisible = 0;
			defaultConfigurationName = Release;
		};
/* End XCConfigurationList section */
	};
	rootObject = 58B511D31A9E6C8500147676 /* Project object */;
}
